
Microsoft Visual Studio Solution File, Format Version 12.00
# Visual Studio Express 2013 for Windows Desktop
VisualStudioVersion = 12.0.30110.0
MinimumVisualStudioVersion = 10.0.40219.1
Project("{8BC9CEB8-8B4A-11D0-8D11-00A0C91BC942}") = "mio", "mio\mio.vcxproj", "{AEC5FF46-A67A-44B8-A376-378344987CF6}"
	ProjectSection(WebsiteProperties) = preProject
		Debug.AspNetCompiler.Debug = "True"
		Release.AspNetCompiler.Debug = "False"
	EndProjectSection
EndProject
Project("{8BC9CEB8-8B4A-11D0-8D11-00A0C91BC942}") = "cmio", "cmio\cmio.vcxproj", "{F9041B51-3CB8-46D8-8184-74AAFE0D0729}"
	ProjectSection(WebsiteProperties) = preProject
		Debug.AspNetCompiler.Debug = "True"
		Release.AspNetCompiler.Debug = "False"
	EndProjectSection
EndProject
Global
	GlobalSection(SolutionConfigurationPlatforms) = preSolution
		Debug|Win32 = Debug|Win32
		Release|Win32 = Release|Win32
	EndGlobalSection
	GlobalSection(ProjectConfigurationPlatforms) = postSolution
		{AEC5FF46-A67A-44B8-A376-378344987CF6}.Debug|Win32.ActiveCfg = Debug|Win32
		{AEC5FF46-A67A-44B8-A376-378344987CF6}.Debug|Win32.Build.0 = Debug|Win32
		{AEC5FF46-A67A-44B8-A376-378344987CF6}.Release|Win32.ActiveCfg = Release|Win32
		{AEC5FF46-A67A-44B8-A376-378344987CF6}.Release|Win32.Build.0 = Release|Win32
		{F9041B51-3CB8-46D8-8184-74AAFE0D0729}.Debug|Win32.ActiveCfg = Debug|Win32
		{F9041B51-3CB8-46D8-8184-74AAFE0D0729}.Debug|Win32.Build.0 = Debug|Win32
		{F9041B51-3CB8-46D8-8184-74AAFE0D0729}.Release|Win32.ActiveCfg = Release|Win32
		{F9041B51-3CB8-46D8-8184-74AAFE0D0729}.Release|Win32.Build.0 = Release|Win32
	EndGlobalSection
	GlobalSection(SolutionProperties) = preSolution
		HideSolutionNode = FALSE
	EndGlobalSection
EndGlobal
